
Microsoft Visual Studio Solution File, Format Version 12.00
# Visual Studio 15
VisualStudioVersion = 15.0.28307.705
MinimumVisualStudioVersion = 10.0.40219.1
Project("{FAE04EC0-301F-11D3-BF4B-00C04F79EFBC}") = "DogMatchMaker.UI", "DogMatchMaker\DogMatchMaker.UI.csproj", "{18E46D80-876C-45EE-B7E8-D31D084637C8}"
EndProject
Project("{FAE04EC0-301F-11D3-BF4B-00C04F79EFBC}") = "DogMatchMaker.Data", "DogMatchMaker.Data\DogMatchMaker.Data.csproj", "{231DF753-C3C3-4559-9F6B-E1B7EC4984A8}"
EndProject
Project("{FAE04EC0-301F-11D3-BF4B-00C04F79EFBC}") = "CrossCutting", "CrossCutting\CrossCutting.csproj", "{C72AB4A1-DDF4-43DC-BBA7-A98337DBB272}"
EndProject
Project("{FAE04EC0-301F-11D3-BF4B-00C04F79EFBC}") = "DogMatchMaker.Orchestrator", "DogMatchMaker.Orchestrator\DogMatchMaker.Orchestrator.csproj", "{FDF58181-EC12-4076-8579-424972A1C310}"
EndProject
Global
	GlobalSection(SolutionConfigurationPlatforms) = preSolution
		Debug|Any CPU = Debug|Any CPU
		Release|Any CPU = Release|Any CPU
	EndGlobalSection
	GlobalSection(ProjectConfigurationPlatforms) = postSolution
		{18E46D80-876C-45EE-B7E8-D31D084637C8}.Debug|Any CPU.ActiveCfg = Debug|Any CPU
		{18E46D80-876C-45EE-B7E8-D31D084637C8}.Debug|Any CPU.Build.0 = Debug|Any CPU
		{18E46D80-876C-45EE-B7E8-D31D084637C8}.Release|Any CPU.ActiveCfg = Release|Any CPU
		{18E46D80-876C-45EE-B7E8-D31D084637C8}.Release|Any CPU.Build.0 = Release|Any CPU
		{231DF753-C3C3-4559-9F6B-E1B7EC4984A8}.Debug|Any CPU.ActiveCfg = Debug|Any CPU
		{231DF753-C3C3-4559-9F6B-E1B7EC4984A8}.Debug|Any CPU.Build.0 = Debug|Any CPU
		{231DF753-C3C3-4559-9F6B-E1B7EC4984A8}.Release|Any CPU.ActiveCfg = Release|Any CPU
		{231DF753-C3C3-4559-9F6B-E1B7EC4984A8}.Release|Any CPU.Build.0 = Release|Any CPU
		{C72AB4A1-DDF4-43DC-BBA7-A98337DBB272}.Debug|Any CPU.ActiveCfg = Debug|Any CPU
		{C72AB4A1-DDF4-43DC-BBA7-A98337DBB272}.Debug|Any CPU.Build.0 = Debug|Any CPU
		{C72AB4A1-DDF4-43DC-BBA7-A98337DBB272}.Release|Any CPU.ActiveCfg = Release|Any CPU
		{C72AB4A1-DDF4-43DC-BBA7-A98337DBB272}.Release|Any CPU.Build.0 = Release|Any CPU
		{FDF58181-EC12-4076-8579-424972A1C310}.Debug|Any CPU.ActiveCfg = Debug|Any CPU
		{FDF58181-EC12-4076-8579-424972A1C310}.Debug|Any CPU.Build.0 = Debug|Any CPU
		{FDF58181-EC12-4076-8579-424972A1C310}.Release|Any CPU.ActiveCfg = Release|Any CPU
		{FDF58181-EC12-4076-8579-424972A1C310}.Release|Any CPU.Build.0 = Release|Any CPU
	EndGlobalSection
	GlobalSection(SolutionProperties) = preSolution
		HideSolutionNode = FALSE
	EndGlobalSection
	GlobalSection(ExtensibilityGlobals) = postSolution
		SolutionGuid = {E9CE2E02-EC10-408C-AD12-FCC254ADA513}
	EndGlobalSection
EndGlobal
